
Microsoft Visual Studio Solution File, Format Version 12.00
# Visual Studio 15
VisualStudioVersion = 15.0.27004.2005
MinimumVisualStudioVersion = 10.0.40219.1
Project("{FAE04EC0-301F-11D3-BF4B-00C04F79EFBC}") = "Nhac_ASP", "Nhac_ASP\Nhac_ASP.csproj", "{933F33FC-B893-459D-9134-DA14A6242361}"
EndProject
Global
	GlobalSection(SolutionConfigurationPlatforms) = preSolution
		Debug|Any CPU = Debug|Any CPU
		Release|Any CPU = Release|Any CPU
	EndGlobalSection
	GlobalSection(ProjectConfigurationPlatforms) = postSolution
		{933F33FC-B893-459D-9134-DA14A6242361}.Debug|Any CPU.ActiveCfg = Debug|Any CPU
		{933F33FC-B893-459D-9134-DA14A6242361}.Debug|Any CPU.Build.0 = Debug|Any CPU
		{933F33FC-B893-459D-9134-DA14A6242361}.Release|Any CPU.ActiveCfg = Release|Any CPU
		{933F33FC-B893-459D-9134-DA14A6242361}.Release|Any CPU.Build.0 = Release|Any CPU
	EndGlobalSection
	GlobalSection(SolutionProperties) = preSolution
		HideSolutionNode = FALSE
	EndGlobalSection
	GlobalSection(ExtensibilityGlobals) = postSolution
		SolutionGuid = {188D1487-4F24-4678-B90D-17E61DEC1DA3}
	EndGlobalSection
EndGlobal
